github.com/apprehensions/rbxweb v0.0.0-20250622190937-6446c75cdfb2 h1:1/FGvSsQgXvH+UMa2OZwRBYVtKQMuQq/2AmIXevvC1E=
github.com/apprehensions/rbxweb v0.0.0-20250622190937-6446c75cdfb2/go.mod h1:tsyRzvTZW0t43kslCxwSmW/mdtFX8EceMU8gLYLEkB4=
github.com/apprehensions/rbxweb v0.0.0-20250622194043-c9276a185f29 h1:zlUQUqhG0Ui2RjJ202kcWcmlisWLaG7ngikVDwK6AK0=
github.com/apprehensions/rbxweb v0.0.0-20250622194043-c9276a185f29/go.mod h1:tsyRzvTZW0t43kslCxwSmW/mdtFX8EceMU8gLYLEkB4=
github.com/robloxapi/rbxdhist v0.6.0 h1:DH3hBwjgnJJyfuRQvJxkaX27V/EQP8/0KihW/9Ajo6Q=
github.com/robloxapi/rbxdhist v0.6.0/go.mod h1:Dv8zmWSygz0Qc8SIRxasJ8wlAIchvyifEVHrG3qwNXI=
github.com/robloxapi/rbxver v0.3.0 h1:ax3ndKtLiXNeYbGc56UEcPQYYMEr6heOfyRDfn+68lg=
github.com/robloxapi/rbxver v0.3.0/go.mod h1:mpM7UdZ2YyLq4gSVtWToeRQLUHNBcOfRGRjINbOi5vM=
