github.com/robloxapi/rbxdhist v0.6.0 h1:DH3hBwjgnJJyfuRQvJxkaX27V/EQP8/0KihW/9Ajo6Q=
github.com/robloxapi/rbxdhist v0.6.0/go.mod h1:Dv8zmWSygz0Qc8SIRxasJ8wlAIchvyifEVHrG3qwNXI=
github.com/robloxapi/rbxver v0.3.0 h1:ax3ndKtLiXNeYbGc56UEcPQYYMEr6heOfyRDfn+68lg=
github.com/robloxapi/rbxver v0.3.0/go.mod h1:mpM7UdZ2YyLq4gSVtWToeRQLUHNBcOfRGRjINbOi5vM=
github.com/sewnie/rbxweb v0.0.0-20250803173200-2b6b493e8b87 h1:3a+NtlMOO0626RKauIgSmlTC4VwfLVGY2HTgt/WzYOI=
github.com/sewnie/rbxweb v0.0.0-20250803173200-2b6b493e8b87/go.mod h1:ySU5TBTXryuReC5IyHot4+mdYhAp4LCdu10itb03nwY=
